// !$*UTF8*$!
{
	archiveVersion = 1;
	classes = {
	};
	objectVersion = 46;
	objects = {

/* Begin PBXBuildFile section */
		75343C8AD4C829A8CCC36174 /* Pods_Tweeter.framework in Frameworks */ = {isa = PBXBuildFile; fileRef = 03F0842EE2D6528BD2B357AF /* Pods_Tweeter.framework */; };
		833B92711E62661700577B7E /* AppDelegate.swift in Sources */ = {isa = PBXBuildFile; fileRef = 833B92701E62661700577B7E /* AppDelegate.swift */; };
		833B92761E62661700577B7E /* Main.storyboard in Resources */ = {isa = PBXBuildFile; fileRef = 833B92741E62661700577B7E /* Main.storyboard */; };
		833B92781E62661700577B7E /* Assets.xcassets in Resources */ = {isa = PBXBuildFile; fileRef = 833B92771E62661700577B7E /* Assets.xcassets */; };
		833B927B1E62661700577B7E /* LaunchScreen.storyboard in Resources */ = {isa = PBXBuildFile; fileRef = 833B92791E62661700577B7E /* LaunchScreen.storyboard */; };
		836411C61E635D37004EA6D3 /* LogInViewController.swift in Sources */ = {isa = PBXBuildFile; fileRef = 836411C51E635D37004EA6D3 /* LogInViewController.swift */; };
		836411CB1E638935004EA6D3 /* User.swift in Sources */ = {isa = PBXBuildFile; fileRef = 836411CA1E638935004EA6D3 /* User.swift */; };
		836411CD1E63894E004EA6D3 /* Tweet.swift in Sources */ = {isa = PBXBuildFile; fileRef = 836411CC1E63894E004EA6D3 /* Tweet.swift */; };
		836411CF1E639438004EA6D3 /* TwitterClient.swift in Sources */ = {isa = PBXBuildFile; fileRef = 836411CE1E639438004EA6D3 /* TwitterClient.swift */; };
		836411D11E63A740004EA6D3 /* TweetsViewController.swift in Sources */ = {isa = PBXBuildFile; fileRef = 836411D01E63A740004EA6D3 /* TweetsViewController.swift */; };
		83A04EEA1E63E05E00F35788 /* TweetCell.swift in Sources */ = {isa = PBXBuildFile; fileRef = 83A04EE91E63E05E00F35788 /* TweetCell.swift */; };
		83D15DB31E6BBBC5003BB14F /* ReplyDetailViewController.swift in Sources */ = {isa = PBXBuildFile; fileRef = 83D15DB21E6BBBC5003BB14F /* ReplyDetailViewController.swift */; };
		83D15DB51E6BE16C003BB14F /* ProfileViewController.swift in Sources */ = {isa = PBXBuildFile; fileRef = 83D15DB41E6BE16C003BB14F /* ProfileViewController.swift */; };
		83D28CE41E6A4C310071EB13 /* TweetDetailViewController.swift in Sources */ = {isa = PBXBuildFile; fileRef = 83D28CE31E6A4C310071EB13 /* TweetDetailViewController.swift */; };
/* End PBXBuildFile section */

/* Begin PBXFileReference section */
		03F0842EE2D6528BD2B357AF /* Pods_Tweeter.framework */ = {isa = PBXFileReference; explicitFileType = wrapper.framework; includeInIndex = 0; path = Pods_Tweeter.framework; sourceTree = BUILT_PRODUCTS_DIR; };
		09BA057D9A3765DB32C35377 /* Pods-Tweeter.debug.xcconfig */ = {isa = PBXFileReference; includeInIndex = 1; lastKnownFileType = text.xcconfig; name = "Pods-Tweeter.debug.xcconfig"; path = "Pods/Target Support Files/Pods-Tweeter/Pods-Tweeter.debug.xcconfig"; sourceTree = "<group>"; };
		833B926D1E62661700577B7E /* Tweeter.app */ = {isa = PBXFileReference; explicitFileType = wrapper.application; includeInIndex = 0; path = Tweeter.app; sourceTree = BUILT_PRODUCTS_DIR; };
		833B92701E62661700577B7E /* AppDelegate.swift */ = {isa = PBXFileReference; lastKnownFileType = sourcecode.swift; path = AppDelegate.swift; sourceTree = "<group>"; };
		833B92751E62661700577B7E /* Base */ = {isa = PBXFileReference; lastKnownFileType = file.storyboard; name = Base; path = Base.lproj/Main.storyboard; sourceTree = "<group>"; };
		833B92771E62661700577B7E /* Assets.xcassets */ = {isa = PBXFileReference; lastKnownFileType = folder.assetcatalog; path = Assets.xcassets; sourceTree = "<group>"; };
		833B927A1E62661700577B7E /* Base */ = {isa = PBXFileReference; lastKnownFileType = file.storyboard; name = Base; path = Base.lproj/LaunchScreen.storyboard; sourceTree = "<group>"; };
		833B927C1E62661700577B7E /* Info.plist */ = {isa = PBXFileReference; lastKnownFileType = text.plist.xml; path = Info.plist; sourceTree = "<group>"; };
		836411C51E635D37004EA6D3 /* LogInViewController.swift */ = {isa = PBXFileReference; fileEncoding = 4; lastKnownFileType = sourcecode.swift; path = LogInViewController.swift; sourceTree = "<group>"; };
		836411CA1E638935004EA6D3 /* User.swift */ = {isa = PBXFileReference; fileEncoding = 4; lastKnownFileType = sourcecode.swift; path = User.swift; sourceTree = "<group>"; };
		836411CC1E63894E004EA6D3 /* Tweet.swift */ = {isa = PBXFileReference; fileEncoding = 4; lastKnownFileType = sourcecode.swift; path = Tweet.swift; sourceTree = "<group>"; };
		836411CE1E639438004EA6D3 /* TwitterClient.swift */ = {isa = PBXFileReference; fileEncoding = 4; lastKnownFileType = sourcecode.swift; path = TwitterClient.swift; sourceTree = "<group>"; };
		836411D01E63A740004EA6D3 /* TweetsViewController.swift */ = {isa = PBXFileReference; fileEncoding = 4; lastKnownFileType = sourcecode.swift; path = TweetsViewController.swift; sourceTree = "<group>"; };
		83A04EE91E63E05E00F35788 /* TweetCell.swift */ = {isa = PBXFileReference; fileEncoding = 4; lastKnownFileType = sourcecode.swift; path = TweetCell.swift; sourceTree = "<group>"; };
		83D15DB21E6BBBC5003BB14F /* ReplyDetailViewController.swift */ = {isa = PBXFileReference; fileEncoding = 4; lastKnownFileType = sourcecode.swift; path = ReplyDetailViewController.swift; sourceTree = "<group>"; };
		83D15DB41E6BE16C003BB14F /* ProfileViewController.swift */ = {isa = PBXFileReference; fileEncoding = 4; lastKnownFileType = sourcecode.swift; path = ProfileViewController.swift; sourceTree = "<group>"; };
		83D28CE31E6A4C310071EB13 /* TweetDetailViewController.swift */ = {isa = PBXFileReference; fileEncoding = 4; lastKnownFileType = sourcecode.swift; path = TweetDetailViewController.swift; sourceTree = "<group>"; };
		8C5E7BE81D3EA52CFBC8A4E7 /* Pods-Tweeter.release.xcconfig */ = {isa = PBXFileReference; includeInIndex = 1; lastKnownFileType = text.xcconfig; name = "Pods-Tweeter.release.xcconfig"; path = "Pods/Target Support Files/Pods-Tweeter/Pods-Tweeter.release.xcconfig"; sourceTree = "<group>"; };
/* End PBXFileReference section */

/* Begin PBXFrameworksBuildPhase section */
		833B926A1E62661600577B7E /* Frameworks */ = {
			isa = PBXFrameworksBuildPhase;
			buildActionMask = 2147483647;
			files = (
				75343C8AD4C829A8CCC36174 /* Pods_Tweeter.framework in Frameworks */,
			);
			runOnlyForDeploymentPostprocessing = 0;
		};
/* End PBXFrameworksBuildPhase section */

/* Begin PBXGroup section */
		1433A3FBF5E8C8C97E6A4E76 /* Frameworks */ = {
			isa = PBXGroup;
			children = (
				03F0842EE2D6528BD2B357AF /* Pods_Tweeter.framework */,
			);
			name = Frameworks;
			sourceTree = "<group>";
		};
		833B92641E62661600577B7E = {
			isa = PBXGroup;
			children = (
				833B926F1E62661700577B7E /* Tweeter */,
				833B926E1E62661700577B7E /* Products */,
				F8EB67A1F6C4C7661C5F4277 /* Pods */,
				1433A3FBF5E8C8C97E6A4E76 /* Frameworks */,
			);
			sourceTree = "<group>";
		};
		833B926E1E62661700577B7E /* Products */ = {
			isa = PBXGroup;
			children = (
				833B926D1E62661700577B7E /* Tweeter.app */,
			);
			name = Products;
			sourceTree = "<group>";
		};
		833B926F1E62661700577B7E /* Tweeter */ = {
			isa = PBXGroup;
			children = (
				83A04EE81E63E03700F35788 /* Views */,
				836411C91E6388F3004EA6D3 /* API */,
				836411C81E6388EB004EA6D3 /* View Controllers */,
				836411C71E6388E3004EA6D3 /* Models */,
				833B92701E62661700577B7E /* AppDelegate.swift */,
				833B92741E62661700577B7E /* Main.storyboard */,
				833B92771E62661700577B7E /* Assets.xcassets */,
				833B92791E62661700577B7E /* LaunchScreen.storyboard */,
				833B927C1E62661700577B7E /* Info.plist */,
			);
			path = Tweeter;
			sourceTree = "<group>";
		};
		836411C71E6388E3004EA6D3 /* Models */ = {
			isa = PBXGroup;
			children = (
				836411CA1E638935004EA6D3 /* User.swift */,
				836411CC1E63894E004EA6D3 /* Tweet.swift */,
			);
			name = Models;
			sourceTree = "<group>";
		};
		836411C81E6388EB004EA6D3 /* View Controllers */ = {
			isa = PBXGroup;
			children = (
				836411C51E635D37004EA6D3 /* LogInViewController.swift */,
				836411D01E63A740004EA6D3 /* TweetsViewController.swift */,
				83D28CE31E6A4C310071EB13 /* TweetDetailViewController.swift */,
				83D15DB21E6BBBC5003BB14F /* ReplyDetailViewController.swift */,
				83D15DB41E6BE16C003BB14F /* ProfileViewController.swift */,
			);
			name = "View Controllers";
			sourceTree = "<group>";
		};
		836411C91E6388F3004EA6D3 /* API */ = {
			isa = PBXGroup;
			children = (
				836411CE1E639438004EA6D3 /* TwitterClient.swift */,
			);
			name = API;
			sourceTree = "<group>";
		};
		83A04EE81E63E03700F35788 /* Views */ = {
			isa = PBXGroup;
			children = (
				83A04EE91E63E05E00F35788 /* TweetCell.swift */,
			);
			name = Views;
			sourceTree = "<group>";
		};
		F8EB67A1F6C4C7661C5F4277 /* Pods */ = {
			isa = PBXGroup;
			children = (
				09BA057D9A3765DB32C35377 /* Pods-Tweeter.debug.xcconfig */,
				8C5E7BE81D3EA52CFBC8A4E7 /* Pods-Tweeter.release.xcconfig */,
			);
			name = Pods;
			sourceTree = "<group>";
		};
/* End PBXGroup section */

/* Begin PBXNativeTarget section */
		833B926C1E62661600577B7E /* Tweeter */ = {
			isa = PBXNativeTarget;
			buildConfigurationList = 833B927F1E62661700577B7E /* Build configuration list for PBXNativeTarget "Tweeter" */;
			buildPhases = (
				20A107C2492634190ED59CE1 /* [CP] Check Pods Manifest.lock */,
				833B92691E62661600577B7E /* Sources */,
				833B926A1E62661600577B7E /* Frameworks */,
				833B926B1E62661600577B7E /* Resources */,
				ECE87B65E1EC55086F6E8218 /* [CP] Embed Pods Frameworks */,
				E32C080F486E96A2E78929DF /* [CP] Copy Pods Resources */,
			);
			buildRules = (
			);
			dependencies = (
			);
			name = Tweeter;
			productName = Tweeter;
			productReference = 833B926D1E62661700577B7E /* Tweeter.app */;
			productType = "com.apple.product-type.application";
		};
/* End PBXNativeTarget section */

/* Begin PBXProject section */
		833B92651E62661600577B7E /* Project object */ = {
			isa = PBXProject;
			attributes = {
				LastSwiftUpdateCheck = 0820;
				LastUpgradeCheck = 0820;
				ORGANIZATIONNAME = "Ashwin Gupta";
				TargetAttributes = {
					833B926C1E62661600577B7E = {
						CreatedOnToolsVersion = 8.2.1;
						ProvisioningStyle = Automatic;
					};
				};
			};
			buildConfigurationList = 833B92681E62661600577B7E /* Build configuration list for PBXProject "Tweeter" */;
			compatibilityVersion = "Xcode 3.2";
			developmentRegion = English;
			hasScannedForEncodings = 0;
			knownRegions = (
				en,
				Base,
			);
			mainGroup = 833B92641E62661600577B7E;
			productRefGroup = 833B926E1E62661700577B7E /* Products */;
			projectDirPath = "";
			projectRoot = "";
			targets = (
				833B926C1E62661600577B7E /* Tweeter */,
			);
		};
/* End PBXProject section */

/* Begin PBXResourcesBuildPhase section */
		833B926B1E62661600577B7E /* Resources */ = {
			isa = PBXResourcesBuildPhase;
			buildActionMask = 2147483647;
			files = (
				833B927B1E62661700577B7E /* LaunchScreen.storyboard in Resources */,
				833B92781E62661700577B7E /* Assets.xcassets in Resources */,
				833B92761E62661700577B7E /* Main.storyboard in Resources */,
			);
			runOnlyForDeploymentPostprocessing = 0;
		};
/* End PBXResourcesBuildPhase section */

/* Begin PBXShellScriptBuildPhase section */
		20A107C2492634190ED59CE1 /* [CP] Check Pods Manifest.lock */ = {
			isa = PBXShellScriptBuildPhase;
			buildActionMask = 2147483647;
			files = (
			);
			inputPaths = (
			);
			name = "[CP] Check Pods Manifest.lock";
			outputPaths = (
			);
			runOnlyForDeploymentPostprocessing = 0;
			shellPath = /bin/sh;
			shellScript = "diff \"${PODS_ROOT}/../Podfile.lock\" \"${PODS_ROOT}/Manifest.lock\" > /dev/null\nif [ $? != 0 ] ; then\n    # print error to STDERR\n    echo \"error: The sandbox is not in sync with the Podfile.lock. Run 'pod install' or update your CocoaPods installation.\" >&2\n    exit 1\nfi\n";
			showEnvVarsInLog = 0;
		};
		E32C080F486E96A2E78929DF /* [CP] Copy Pods Resources */ = {
			isa = PBXShellScriptBuildPhase;
			buildActionMask = 2147483647;
			files = (
			);
			inputPaths = (
			);
			name = "[CP] Copy Pods Resources";
			outputPaths = (
			);
			runOnlyForDeploymentPostprocessing = 0;
			shellPath = /bin/sh;
			shellScript = "\"${SRCROOT}/Pods/Target Support Files/Pods-Tweeter/Pods-Tweeter-resources.sh\"\n";
			showEnvVarsInLog = 0;
		};
		ECE87B65E1EC55086F6E8218 /* [CP] Embed Pods Frameworks */ = {
			isa = PBXShellScriptBuildPhase;
			buildActionMask = 2147483647;
			files = (
			);
			inputPaths = (
			);
			name = "[CP] Embed Pods Frameworks";
			outputPaths = (
			);
			runOnlyForDeploymentPostprocessing = 0;
			shellPath = /bin/sh;
			shellScript = "\"${SRCROOT}/Pods/Target Support Files/Pods-Tweeter/Pods-Tweeter-frameworks.sh\"\n";
			showEnvVarsInLog = 0;
		};
/* End PBXShellScriptBuildPhase section */

/* Begin PBXSourcesBuildPhase section */
		833B92691E62661600577B7E /* Sources */ = {
			isa = PBXSourcesBuildPhase;
			buildActionMask = 2147483647;
			files = (
				836411CB1E638935004EA6D3 /* User.swift in Sources */,
				83A04EEA1E63E05E00F35788 /* TweetCell.swift in Sources */,
				83D15DB51E6BE16C003BB14F /* ProfileViewController.swift in Sources */,
				836411CD1E63894E004EA6D3 /* Tweet.swift in Sources */,
				833B92711E62661700577B7E /* AppDelegate.swift in Sources */,
				83D15DB31E6BBBC5003BB14F /* ReplyDetailViewController.swift in Sources */,
				836411D11E63A740004EA6D3 /* TweetsViewController.swift in Sources */,
				83D28CE41E6A4C310071EB13 /* TweetDetailViewController.swift in Sources */,
				836411CF1E639438004EA6D3 /* TwitterClient.swift in Sources */,
				836411C61E635D37004EA6D3 /* LogInViewController.swift in Sources */,
			);
			runOnlyForDeploymentPostprocessing = 0;
		};
/* End PBXSourcesBuildPhase section */

/* Begin PBXVariantGroup section */
		833B92741E62661700577B7E /* Main.storyboard */ = {
			isa = PBXVariantGroup;
			children = (
				833B92751E62661700577B7E /* Base */,
			);
			name = Main.storyboard;
			sourceTree = "<group>";
		};
		833B92791E62661700577B7E /* LaunchScreen.storyboard */ = {
			isa = PBXVariantGroup;
			children = (
				833B927A1E62661700577B7E /* Base */,
			);
			name = LaunchScreen.storyboard;
			sourceTree = "<group>";
		};
/* End PBXVariantGroup section */

/* Begin XCBuildConfiguration section */
		833B927D1E62661700577B7E /* Debug */ = {
			isa = XCBuildConfiguration;
			buildSettings = {
				ALWAYS_SEARCH_USER_PATHS = NO;
				CLANG_ANALYZER_NONNULL = YES;
				CLANG_CXX_LANGUAGE_STANDARD = "gnu++0x";
				CLANG_CXX_LIBRARY = "libc++";
				CLANG_ENABLE_MODULES = YES;
				CLANG_ENABLE_OBJC_ARC = YES;
				CLANG_WARN_BOOL_CONVERSION = YES;
				CLANG_WARN_CONSTANT_CONVERSION = YES;
				CLANG_WARN_DIRECT_OBJC_ISA_USAGE = YES_ERROR;
				CLANG_WARN_DOCUMENTATION_COMMENTS = YES;
				CLANG_WARN_EMPTY_BODY = YES;
				CLANG_WARN_ENUM_CONVERSION = YES;
				CLANG_WARN_INFINITE_RECURSION = YES;
				CLANG_WARN_INT_CONVERSION = YES;
				CLANG_WARN_OBJC_ROOT_CLASS = YES_ERROR;
				CLANG_WARN_SUSPICIOUS_MOVE = YES;
				CLANG_WARN_UNREACHABLE_CODE = YES;
				CLANG_WARN__DUPLICATE_METHOD_MATCH = YES;
				"CODE_SIGN_IDENTITY[sdk=iphoneos*]" = "iPhone Developer";
				COPY_PHASE_STRIP = NO;
				DEBUG_INFORMATION_FORMAT = dwarf;
				ENABLE_STRICT_OBJC_MSGSEND = YES;
				ENABLE_TESTABILITY = YES;
				GCC_C_LANGUAGE_STANDARD = gnu99;
				GCC_DYNAMIC_NO_PIC = NO;
				GCC_NO_COMMON_BLOCKS = YES;
				GCC_OPTIMIZATION_LEVEL = 0;
				GCC_PREPROCESSOR_DEFINITIONS = (
					"DEBUG=1",
					"$(inherited)",
				);
				GCC_WARN_64_TO_32_BIT_CONVERSION = YES;
				GCC_WARN_ABOUT_RETURN_TYPE = YES_ERROR;
				GCC_WARN_UNDECLARED_SELECTOR = YES;
				GCC_WARN_UNINITIALIZED_AUTOS = YES_AGGRESSIVE;
				GCC_WARN_UNUSED_FUNCTION = YES;
				GCC_WARN_UNUSED_VARIABLE = YES;
				IPHONEOS_DEPLOYMENT_TARGET = 10.2;
				MTL_ENABLE_DEBUG_INFO = YES;
				ONLY_ACTIVE_ARCH = YES;
				SDKROOT = iphoneos;
				SWIFT_ACTIVE_COMPILATION_CONDITIONS = DEBUG;
				SWIFT_OPTIMIZATION_LEVEL = "-Onone";
			};
			name = Debug;
		};
		833B927E1E62661700577B7E /* Release */ = {
			isa = XCBuildConfiguration;
			buildSettings = {
				ALWAYS_SEARCH_USER_PATHS = NO;
				CLANG_ANALYZER_NONNULL = YES;
				CLANG_CXX_LANGUAGE_STANDARD = "gnu++0x";
				CLANG_CXX_LIBRARY = "libc++";
				CLANG_ENABLE_MODULES = YES;
				CLANG_ENABLE_OBJC_ARC = YES;
				CLANG_WARN_BOOL_CONVERSION = YES;
				CLANG_WARN_CONSTANT_CONVERSION = YES;
				CLANG_WARN_DIRECT_OBJC_ISA_USAGE = YES_ERROR;
				CLANG_WARN_DOCUMENTATION_COMMENTS = YES;
				CLANG_WARN_EMPTY_BODY = YES;
				CLANG_WARN_ENUM_CONVERSION = YES;
				CLANG_WARN_INFINITE_RECURSION = YES;
				CLANG_WARN_INT_CONVERSION = YES;
				CLANG_WARN_OBJC_ROOT_CLASS = YES_ERROR;
				CLANG_WARN_SUSPICIOUS_MOVE = YES;
				CLANG_WARN_UNREACHABLE_CODE = YES;
				CLANG_WARN__DUPLICATE_METHOD_MATCH = YES;
				"CODE_SIGN_IDENTITY[sdk=iphoneos*]" = "iPhone Developer";
				COPY_PHASE_STRIP = NO;
				DEBUG_INFORMATION_FORMAT = "dwarf-with-dsym";
				ENABLE_NS_ASSERTIONS = NO;
				ENABLE_STRICT_OBJC_MSGSEND = YES;
				GCC_C_LANGUAGE_STANDARD = gnu99;
				GCC_NO_COMMON_BLOCKS = YES;
				GCC_WARN_64_TO_32_BIT_CONVERSION = YES;
				GCC_WARN_ABOUT_RETURN_TYPE = YES_ERROR;
				GCC_WARN_UNDECLARED_SELECTOR = YES;
				GCC_WARN_UNINITIALIZED_AUTOS = YES_AGGRESSIVE;
				GCC_WARN_UNUSED_FUNCTION = YES;
				GCC_WARN_UNUSED_VARIABLE = YES;
				IPHONEOS_DEPLOYMENT_TARGET = 10.2;
				MTL_ENABLE_DEBUG_INFO = NO;
				SDKROOT = iphoneos;
				SWIFT_OPTIMIZATION_LEVEL = "-Owholemodule";
				VALIDATE_PRODUCT = YES;
			};
			name = Release;
		};
		833B92801E62661700577B7E /* Debug */ = {
			isa = XCBuildConfiguration;
			baseConfigurationReference = 09BA057D9A3765DB32C35377 /* Pods-Tweeter.debug.xcconfig */;
			buildSettings = {
				ASSETCATALOG_COMPILER_APPICON_NAME = AppIcon;
				INFOPLIST_FILE = Tweeter/Info.plist;
				LD_RUNPATH_SEARCH_PATHS = "$(inherited) @executable_path/Frameworks";
				PRODUCT_BUNDLE_IDENTIFIER = shwinn.Tweeter;
				PRODUCT_NAME = "$(TARGET_NAME)";
				SWIFT_VERSION = 3.0;
			};
			name = Debug;
		};
		833B92811E62661700577B7E /* Release */ = {
			isa = XCBuildConfiguration;
			baseConfigurationReference = 8C5E7BE81D3EA52CFBC8A4E7 /* Pods-Tweeter.release.xcconfig */;
			buildSettings = {
				ASSETCATALOG_COMPILER_APPICON_NAME = AppIcon;
				INFOPLIST_FILE = Tweeter/Info.plist;
				LD_RUNPATH_SEARCH_PATHS = "$(inherited) @executable_path/Frameworks";
				PRODUCT_BUNDLE_IDENTIFIER = shwinn.Tweeter;
				PRODUCT_NAME = "$(TARGET_NAME)";
				SWIFT_VERSION = 3.0;
			};
			name = Release;
		};
/* End XCBuildConfiguration section */

/* Begin XCConfigurationList section */
		833B92681E62661600577B7E /* Build configuration list for PBXProject "Tweeter" */ = {
			isa = XCConfigurationList;
			buildConfigurations = (
				833B927D1E62661700577B7E /* Debug */,
				833B927E1E62661700577B7E /* Release */,
			);
			defaultConfigurationIsVisible = 0;
			defaultConfigurationName = Release;
		};
		833B927F1E62661700577B7E /* Build configuration list for PBXNativeTarget "Tweeter" */ = {
			isa = XCConfigurationList;
			buildConfigurations = (
				833B92801E62661700577B7E /* Debug */,
				833B92811E62661700577B7E /* Release */,
			);
			defaultConfigurationIsVisible = 0;
			defaultConfigurationName = Release;
		};
/* End XCConfigurationList section */
	};
	rootObject = 833B92651E62661600577B7E /* Project object */;
}
